# This file is automatically @generated by Cargo.
# It is not intended for manual editing.
version = 4

[[package]]
name = "app_closure"
version = "0.1.0"
dependencies = [
 "dep_path",
 "proc_local",
]

[[package]]
name = "dep_path"
version = "0.1.0"

[[package]]
name = "proc_local"
version = "0.1.0"
