# This file is automatically @generated by Cargo.
# It is not intended for manual editing.
version = 4

[[package]]
name = "consumer"
version = "0.1.0"
dependencies = [
 "coverage_app",
]

[[package]]
name = "coverage_app"
version = "0.1.0"
dependencies = [
 "generated_macro",
 "shared",
]

[[package]]
name = "generated_macro"
version = "0.1.0"
dependencies = [
 "shared",
]

[[package]]
name = "shared"
version = "0.1.0"
